
Microsoft Visual Studio Solution File, Format Version 12.00
# Visual Studio 15
VisualStudioVersion = 15.0.27004.2006
MinimumVisualStudioVersion = 10.0.40219.1
Project("{888888A0-9F3D-457C-B088-3A5042F75D52}") = "作业2", "作业2\作业2.pyproj", "{46B7839F-CE1D-470D-83FF-AE116BE68B59}"
EndProject
Project("{888888A0-9F3D-457C-B088-3A5042F75D52}") = "作业3", "作业3\作业3.pyproj", "{566323F7-519A-45FD-8493-519506B50F31}"
EndProject
Project("{888888A0-9F3D-457C-B088-3A5042F75D52}") = "猜单词游戏", "猜单词游戏\猜单词游戏.pyproj", "{FDCC84FA-03C9-4876-8D8C-FEAF351D519F}"
EndProject
Project("{888888A0-9F3D-457C-B088-3A5042F75D52}") = "作业1", "作业1\作业1.pyproj", "{0F2218F4-F65D-4C7B-A564-815D5FFB4EE4}"
EndProject
Project("{888888A0-9F3D-457C-B088-3A5042F75D52}") = "作业5", "作业5\作业5.pyproj", "{24F5879D-F8A0-481A-AB48-8B694813AFCB}"
EndProject
Global
	GlobalSection(SolutionConfigurationPlatforms) = preSolution
		Debug|Any CPU = Debug|Any CPU
		Debug|x64 = Debug|x64
		Debug|x86 = Debug|x86
		Release|Any CPU = Release|Any CPU
		Release|x64 = Release|x64
		Release|x86 = Release|x86
	EndGlobalSection
	GlobalSection(ProjectConfigurationPlatforms) = postSolution
		{46B7839F-CE1D-470D-83FF-AE116BE68B59}.Debug|Any CPU.ActiveCfg = Debug|Any CPU
		{46B7839F-CE1D-470D-83FF-AE116BE68B59}.Debug|x64.ActiveCfg = Debug|Any CPU
		{46B7839F-CE1D-470D-83FF-AE116BE68B59}.Debug|x86.ActiveCfg = Debug|Any CPU
		{46B7839F-CE1D-470D-83FF-AE116BE68B59}.Release|Any CPU.ActiveCfg = Release|Any CPU
		{46B7839F-CE1D-470D-83FF-AE116BE68B59}.Release|x64.ActiveCfg = Release|Any CPU
		{46B7839F-CE1D-470D-83FF-AE116BE68B59}.Release|x86.ActiveCfg = Release|Any CPU
		{566323F7-519A-45FD-8493-519506B50F31}.Debug|Any CPU.ActiveCfg = Debug|Any CPU
		{566323F7-519A-45FD-8493-519506B50F31}.Debug|x64.ActiveCfg = Debug|Any CPU
		{566323F7-519A-45FD-8493-519506B50F31}.Debug|x86.ActiveCfg = Debug|Any CPU
		{566323F7-519A-45FD-8493-519506B50F31}.Release|Any CPU.ActiveCfg = Release|Any CPU
		{566323F7-519A-45FD-8493-519506B50F31}.Release|x64.ActiveCfg = Release|Any CPU
		{566323F7-519A-45FD-8493-519506B50F31}.Release|x86.ActiveCfg = Release|Any CPU
		{FDCC84FA-03C9-4876-8D8C-FEAF351D519F}.Debug|Any CPU.ActiveCfg = Debug|Any CPU
		{FDCC84FA-03C9-4876-8D8C-FEAF351D519F}.Debug|x64.ActiveCfg = Debug|Any CPU
		{FDCC84FA-03C9-4876-8D8C-FEAF351D519F}.Debug|x86.ActiveCfg = Debug|Any CPU
		{FDCC84FA-03C9-4876-8D8C-FEAF351D519F}.Release|Any CPU.ActiveCfg = Release|Any CPU
		{FDCC84FA-03C9-4876-8D8C-FEAF351D519F}.Release|x64.ActiveCfg = Release|Any CPU
		{FDCC84FA-03C9-4876-8D8C-FEAF351D519F}.Release|x86.ActiveCfg = Release|Any CPU
		{0F2218F4-F65D-4C7B-A564-815D5FFB4EE4}.Debug|Any CPU.ActiveCfg = Debug|Any CPU
		{0F2218F4-F65D-4C7B-A564-815D5FFB4EE4}.Debug|x64.ActiveCfg = Debug|Any CPU
		{0F2218F4-F65D-4C7B-A564-815D5FFB4EE4}.Debug|x86.ActiveCfg = Debug|Any CPU
		{0F2218F4-F65D-4C7B-A564-815D5FFB4EE4}.Release|Any CPU.ActiveCfg = Release|Any CPU
		{0F2218F4-F65D-4C7B-A564-815D5FFB4EE4}.Release|x64.ActiveCfg = Release|Any CPU
		{0F2218F4-F65D-4C7B-A564-815D5FFB4EE4}.Release|x86.ActiveCfg = Release|Any CPU
		{24F5879D-F8A0-481A-AB48-8B694813AFCB}.Debug|Any CPU.ActiveCfg = Debug|Any CPU
		{24F5879D-F8A0-481A-AB48-8B694813AFCB}.Debug|x64.ActiveCfg = Debug|Any CPU
		{24F5879D-F8A0-481A-AB48-8B694813AFCB}.Debug|x86.ActiveCfg = Debug|Any CPU
		{24F5879D-F8A0-481A-AB48-8B694813AFCB}.Release|Any CPU.ActiveCfg = Release|Any CPU
		{24F5879D-F8A0-481A-AB48-8B694813AFCB}.Release|x64.ActiveCfg = Release|Any CPU
		{24F5879D-F8A0-481A-AB48-8B694813AFCB}.Release|x86.ActiveCfg = Release|Any CPU
	EndGlobalSection
	GlobalSection(SolutionProperties) = preSolution
		HideSolutionNode = FALSE
	EndGlobalSection
	GlobalSection(ExtensibilityGlobals) = postSolution
		SolutionGuid = {88A4DAA9-7F46-4240-8BA5-28D5BF0F6B1D}
	EndGlobalSection
EndGlobal
